
Microsoft Visual Studio Solution File, Format Version 12.00
# Visual Studio 2012
Project("{FAE04EC0-301F-11D3-BF4B-00C04F79EFBC}") = "BasicTableView10", "BasicTableView10\BasicTableView10.csproj", "{D85DEAF4-ADAC-4F31-B52F-2156FF670B9A}"
EndProject
Global
	GlobalSection(SolutionConfigurationPlatforms) = preSolution
		Debug|iPhoneSimulator = Debug|iPhoneSimulator
		Release|iPhone = Release|iPhone
		Release|iPhoneSimulator = Release|iPhoneSimulator
		Debug|iPhone = Debug|iPhone
	EndGlobalSection
	GlobalSection(ProjectConfigurationPlatforms) = postSolution
		{D85DEAF4-ADAC-4F31-B52F-2156FF670B9A}.Debug|iPhoneSimulator.ActiveCfg = Debug|iPhoneSimulator
		{D85DEAF4-ADAC-4F31-B52F-2156FF670B9A}.Debug|iPhoneSimulator.Build.0 = Debug|iPhoneSimulator
		{D85DEAF4-ADAC-4F31-B52F-2156FF670B9A}.Release|iPhone.ActiveCfg = Release|iPhone
		{D85DEAF4-ADAC-4F31-B52F-2156FF670B9A}.Release|iPhone.Build.0 = Release|iPhone
		{D85DEAF4-ADAC-4F31-B52F-2156FF670B9A}.Release|iPhoneSimulator.ActiveCfg = Release|iPhoneSimulator
		{D85DEAF4-ADAC-4F31-B52F-2156FF670B9A}.Release|iPhoneSimulator.Build.0 = Release|iPhoneSimulator
		{D85DEAF4-ADAC-4F31-B52F-2156FF670B9A}.Debug|iPhone.ActiveCfg = Debug|iPhone
		{D85DEAF4-ADAC-4F31-B52F-2156FF670B9A}.Debug|iPhone.Build.0 = Debug|iPhone
	EndGlobalSection
EndGlobal
