
Microsoft Visual Studio Solution File, Format Version 12.00
# Visual Studio 2012
Project("{FAE04EC0-301F-11D3-BF4B-00C04F79EFBC}") = "ex_par_2", "ex_par_2\ex_par_2.csproj", "{1D3ACFB5-19E2-4012-B652-83ADFF615710}"
EndProject
Global
	GlobalSection(SolutionConfigurationPlatforms) = preSolution
		Debug|iPhoneSimulator = Debug|iPhoneSimulator
		Release|iPhone = Release|iPhone
		Release|iPhoneSimulator = Release|iPhoneSimulator
		Debug|iPhone = Debug|iPhone
	EndGlobalSection
	GlobalSection(ProjectConfigurationPlatforms) = postSolution
		{1D3ACFB5-19E2-4012-B652-83ADFF615710}.Debug|iPhoneSimulator.ActiveCfg = Debug|iPhoneSimulator
		{1D3ACFB5-19E2-4012-B652-83ADFF615710}.Debug|iPhoneSimulator.Build.0 = Debug|iPhoneSimulator
		{1D3ACFB5-19E2-4012-B652-83ADFF615710}.Release|iPhone.ActiveCfg = Release|iPhone
		{1D3ACFB5-19E2-4012-B652-83ADFF615710}.Release|iPhone.Build.0 = Release|iPhone
		{1D3ACFB5-19E2-4012-B652-83ADFF615710}.Release|iPhoneSimulator.ActiveCfg = Release|iPhoneSimulator
		{1D3ACFB5-19E2-4012-B652-83ADFF615710}.Release|iPhoneSimulator.Build.0 = Release|iPhoneSimulator
		{1D3ACFB5-19E2-4012-B652-83ADFF615710}.Debug|iPhone.ActiveCfg = Debug|iPhone
		{1D3ACFB5-19E2-4012-B652-83ADFF615710}.Debug|iPhone.Build.0 = Debug|iPhone
	EndGlobalSection
EndGlobal
